
Microsoft Visual Studio Solution File, Format Version 12.00
# Visual Studio 15
VisualStudioVersion = 15.0.27428.2027
MinimumVisualStudioVersion = 10.0.40219.1
Project("{9A19103F-16F7-4668-BE54-9A1E7A4F7556}") = "AzureADOauthDemoWeb", "AzureADOauthDemoWeb\AzureADOauthDemoWeb.csproj", "{4F73C8AE-AA1D-4A08-87F4-A5B5E7396D34}"
EndProject
Project("{2150E333-8FDC-42A3-9474-1A3956D46DE8}") = "Solution Items", "Solution Items", "{3A83320C-5DDA-4353-B88A-735AC9173027}"
	ProjectSection(SolutionItems) = preProject
		LICENSE = LICENSE
		README.md = README.md
	EndProjectSection
EndProject
Global
	GlobalSection(SolutionConfigurationPlatforms) = preSolution
		Debug|Any CPU = Debug|Any CPU
		Release|Any CPU = Release|Any CPU
	EndGlobalSection
	GlobalSection(ProjectConfigurationPlatforms) = postSolution
		{4F73C8AE-AA1D-4A08-87F4-A5B5E7396D34}.Debug|Any CPU.ActiveCfg = Debug|Any CPU
		{4F73C8AE-AA1D-4A08-87F4-A5B5E7396D34}.Debug|Any CPU.Build.0 = Debug|Any CPU
		{4F73C8AE-AA1D-4A08-87F4-A5B5E7396D34}.Release|Any CPU.ActiveCfg = Release|Any CPU
		{4F73C8AE-AA1D-4A08-87F4-A5B5E7396D34}.Release|Any CPU.Build.0 = Release|Any CPU
	EndGlobalSection
	GlobalSection(SolutionProperties) = preSolution
		HideSolutionNode = FALSE
	EndGlobalSection
	GlobalSection(ExtensibilityGlobals) = postSolution
		SolutionGuid = {5D67DB4F-7046-47FD-83AC-C599FD3CD807}
	EndGlobalSection
EndGlobal
